PODS:
  - WXScrollerSelector (0.1.2)

DEPENDENCIES:
  - WXScrollerSelector (from `../`)

EXTERNAL SOURCES:
  WXScrollerSelector:
    :path: "../"

SPEC CHECKSUMS:
  WXScrollerSelector: afb96774c3ce33e43d56a21b203789f6f1b3fa1c

PODFILE CHECKSUM: cee2f2d7425d53ac28bd19c2b4652439002c1c0e

COCOAPODS: 1.9.3
